
Microsoft Visual Studio Solution File, Format Version 12.00
# Visual Studio 15
Project("{FAE04EC0-301F-11D3-BF4B-00C04F79EFBC}") = "DictionaryeSortedDictionary", "DictionaryeSortedDictionary\DictionaryeSortedDictionary.csproj", "{B8749D2C-51B7-4D0F-AD01-125BC0CF21EC}"
EndProject
Global
	GlobalSection(SolutionConfigurationPlatforms) = preSolution
		Debug|Any CPU = Debug|Any CPU
		Release|Any CPU = Release|Any CPU
	EndGlobalSection
	GlobalSection(ProjectConfigurationPlatforms) = postSolution
		{B8749D2C-51B7-4D0F-AD01-125BC0CF21EC}.Debug|Any CPU.ActiveCfg = Debug|Any CPU
		{B8749D2C-51B7-4D0F-AD01-125BC0CF21EC}.Debug|Any CPU.Build.0 = Debug|Any CPU
		{B8749D2C-51B7-4D0F-AD01-125BC0CF21EC}.Release|Any CPU.ActiveCfg = Release|Any CPU
		{B8749D2C-51B7-4D0F-AD01-125BC0CF21EC}.Release|Any CPU.Build.0 = Release|Any CPU
	EndGlobalSection
EndGlobal
